
Microsoft Visual Studio Solution File, Format Version 12.00
# Visual Studio 15
VisualStudioVersion = 15.0.27130.2036
MinimumVisualStudioVersion = 10.0.40219.1
Project("{8BC9CEB8-8B4A-11D0-8D11-00A0C91BC942}") = "basicStuff", "basicStuff\basicStuff.vcxproj", "{8EAA860E-66AC-4D13-BC16-4BB9A624AAF6}"
EndProject
Global
	GlobalSection(SolutionConfigurationPlatforms) = preSolution
		Debug|x64 = Debug|x64
		Debug|x86 = Debug|x86
		Release|x64 = Release|x64
		Release|x86 = Release|x86
	EndGlobalSection
	GlobalSection(ProjectConfigurationPlatforms) = postSolution
		{8EAA860E-66AC-4D13-BC16-4BB9A624AAF6}.Debug|x64.ActiveCfg = Debug|x64
		{8EAA860E-66AC-4D13-BC16-4BB9A624AAF6}.Debug|x64.Build.0 = Debug|x64
		{8EAA860E-66AC-4D13-BC16-4BB9A624AAF6}.Debug|x86.ActiveCfg = Debug|Win32
		{8EAA860E-66AC-4D13-BC16-4BB9A624AAF6}.Debug|x86.Build.0 = Debug|Win32
		{8EAA860E-66AC-4D13-BC16-4BB9A624AAF6}.Release|x64.ActiveCfg = Release|x64
		{8EAA860E-66AC-4D13-BC16-4BB9A624AAF6}.Release|x64.Build.0 = Release|x64
		{8EAA860E-66AC-4D13-BC16-4BB9A624AAF6}.Release|x86.ActiveCfg = Release|Win32
		{8EAA860E-66AC-4D13-BC16-4BB9A624AAF6}.Release|x86.Build.0 = Release|Win32
	EndGlobalSection
	GlobalSection(SolutionProperties) = preSolution
		HideSolutionNode = FALSE
	EndGlobalSection
	GlobalSection(ExtensibilityGlobals) = postSolution
		SolutionGuid = {A2023733-E723-43E8-8A13-F52BDF228886}
	EndGlobalSection
EndGlobal
